NeoBundleLock lightline.vim e6a43f98fab1ee2e373bd0b670803222607ed123
NeoBundleLock unite.vim 75af968c7df1721701d60d4663a4608fd50ba8f4
NeoBundleLock vim-fugitive 099d65826e0e0863552a92f7e574e3f24c8f4197
NeoBundleLock vim-unite-giti 75af968c7df1721701d60d4663a4608fd50ba8f4
NeoBundleLock vimfiler 75af968c7df1721701d60d4663a4608fd50ba8f4
