NeoBundleLock lightline.vim e6a43f98fab1ee2e373bd0b670803222607ed123
NeoBundleLock unite.vim 47db5a4521173372c10d926b88de1fb945690472
NeoBundleLock vim-fugitive 2928dd43911f64a2a7baa9753703929645abd3c2
NeoBundleLock vim-unite-giti 2fbafb85baf89be252bcd1cf0aed8cf2226af2a9
NeoBundleLock vimfiler 2928dd43911f64a2a7baa9753703929645abd3c2
